
Microsoft Visual Studio Solution File, Format Version 12.00
# Visual Studio Version 17
VisualStudioVersion = 17.0.31903.59
MinimumVisualStudioVersion = 10.0.40219.1
Project("{2150E333-8FDC-42A3-9474-1A3956D46DE8}") = "src", "src", "{827E0CD3-B72D-47B6-A68D-7590B98EB39B}"
EndProject
Project("{2150E333-8FDC-42A3-9474-1A3956D46DE8}") = "Shared", "Shared", "{C8E42992-5E42-0C2B-DBFE-AA848D06431C}"
EndProject
Project("{FAE04EC0-301F-11D3-BF4B-00C04F79EFBC}") = "Shared", "src\Shared\Shared\Shared.csproj", "{E56B1220-0EB4-4952-9EBE-4155185F9AD0}"
EndProject
Project("{2150E333-8FDC-42A3-9474-1A3956D46DE8}") = "ApiGateway", "ApiGateway", "{FCA01246-F2C6-0AA7-D43F-FD13BE0B9D88}"
EndProject
Project("{FAE04EC0-301F-11D3-BF4B-00C04F79EFBC}") = "ApiGateway", "src\ApiGateway\ApiGateway\ApiGateway.csproj", "{481EE3BC-1D81-454E-B023-24552081A579}"
EndProject
Project("{2150E333-8FDC-42A3-9474-1A3956D46DE8}") = "Services", "Services", "{984BB9B3-3FA3-BE33-9484-CAC21695A33C}"
EndProject
Project("{2150E333-8FDC-42A3-9474-1A3956D46DE8}") = "AuthService", "AuthService", "{B0ED8887-1092-5A1A-EC04-2B6B0F6E9C33}"
EndProject
Project("{FAE04EC0-301F-11D3-BF4B-00C04F79EFBC}") = "AuthService", "src\Services\AuthService\AuthService\AuthService.csproj", "{C5915C1C-8DEF-4190-8B0F-3862B64D032A}"
EndProject
Project("{2150E333-8FDC-42A3-9474-1A3956D46DE8}") = "UserService", "UserService", "{A52FF9A7-1006-A729-7F26-021652E10080}"
EndProject
Project("{FAE04EC0-301F-11D3-BF4B-00C04F79EFBC}") = "UserService", "src\Services\UserService\UserService\UserService.csproj", "{C55C0D9C-EE20-4269-ABD3-C382AD2288C6}"
EndProject
Project("{2150E333-8FDC-42A3-9474-1A3956D46DE8}") = "ClassroomService", "ClassroomService", "{70DEDDC2-B641-678B-EFE4-C439C85D9140}"
EndProject
Project("{FAE04EC0-301F-11D3-BF4B-00C04F79EFBC}") = "ClassroomService", "src\Services\ClassroomService\ClassroomService\ClassroomService.csproj", "{36DD4398-E78B-45EC-9DE5-894D0115C380}"
EndProject
Project("{2150E333-8FDC-42A3-9474-1A3956D46DE8}") = "LiveSessionService", "LiveSessionService", "{3FDCD2C8-0A0B-A5B7-113A-13BE663C5259}"
EndProject
Project("{FAE04EC0-301F-11D3-BF4B-00C04F79EFBC}") = "LiveSessionService", "src\Services\LiveSessionService\LiveSessionService\LiveSessionService.csproj", "{99548404-089C-46B8-9E45-1781C530776E}"
EndProject
Project("{2150E333-8FDC-42A3-9474-1A3956D46DE8}") = "HomeworkService", "HomeworkService", "{6D30904E-1E32-0F4F-4CA2-E2D326A4F886}"
EndProject
Project("{FAE04EC0-301F-11D3-BF4B-00C04F79EFBC}") = "HomeworkService", "src\Services\HomeworkService\HomeworkService\HomeworkService.csproj", "{01FBDF93-E769-4343-9DC4-B00AD126E2DB}"
EndProject
Project("{2150E333-8FDC-42A3-9474-1A3956D46DE8}") = "ExamService", "ExamService", "{8437DFD9-ED28-9D5C-8F3A-C9C3C6B68886}"
EndProject
Project("{FAE04EC0-301F-11D3-BF4B-00C04F79EFBC}") = "ExamService", "src\Services\ExamService\ExamService\ExamService.csproj", "{D8690286-18E2-454B-9C17-3DB219F8EC83}"
EndProject
Project("{2150E333-8FDC-42A3-9474-1A3956D46DE8}") = "NotificationService", "NotificationService", "{47931FAB-DBE1-FD8F-0AFF-2CD4B99C52C4}"
EndProject
Project("{FAE04EC0-301F-11D3-BF4B-00C04F79EFBC}") = "NotificationService", "src\Services\NotificationService\NotificationService\NotificationService.csproj", "{EBF726D4-79F4-442D-82CD-EFFE2AD388FD}"
EndProject
Project("{2150E333-8FDC-42A3-9474-1A3956D46DE8}") = "FileService", "FileService", "{C51F0B15-995C-4465-7F53-F814DA1B49A9}"
EndProject
Project("{FAE04EC0-301F-11D3-BF4B-00C04F79EFBC}") = "FileService", "src\Services\FileService\FileService\FileService.csproj", "{4E9B232F-5669-4E5D-954D-E019A8D53459}"
EndProject
Global
	GlobalSection(SolutionConfigurationPlatforms) = preSolution
		Debug|Any CPU = Debug|Any CPU
		Debug|x64 = Debug|x64
		Debug|x86 = Debug|x86
		Release|Any CPU = Release|Any CPU
		Release|x64 = Release|x64
		Release|x86 = Release|x86
	EndGlobalSection
	GlobalSection(ProjectConfigurationPlatforms) = postSolution
		{E56B1220-0EB4-4952-9EBE-4155185F9AD0}.Debug|Any CPU.ActiveCfg = Debug|Any CPU
		{E56B1220-0EB4-4952-9EBE-4155185F9AD0}.Debug|Any CPU.Build.0 = Debug|Any CPU
		{E56B1220-0EB4-4952-9EBE-4155185F9AD0}.Debug|x64.ActiveCfg = Debug|Any CPU
		{E56B1220-0EB4-4952-9EBE-4155185F9AD0}.Debug|x64.Build.0 = Debug|Any CPU
		{E56B1220-0EB4-4952-9EBE-4155185F9AD0}.Debug|x86.ActiveCfg = Debug|Any CPU
		{E56B1220-0EB4-4952-9EBE-4155185F9AD0}.Debug|x86.Build.0 = Debug|Any CPU
		{E56B1220-0EB4-4952-9EBE-4155185F9AD0}.Release|Any CPU.ActiveCfg = Release|Any CPU
		{E56B1220-0EB4-4952-9EBE-4155185F9AD0}.Release|Any CPU.Build.0 = Release|Any CPU
		{E56B1220-0EB4-4952-9EBE-4155185F9AD0}.Release|x64.ActiveCfg = Release|Any CPU
		{E56B1220-0EB4-4952-9EBE-4155185F9AD0}.Release|x64.Build.0 = Release|Any CPU
		{E56B1220-0EB4-4952-9EBE-4155185F9AD0}.Release|x86.ActiveCfg = Release|Any CPU
		{E56B1220-0EB4-4952-9EBE-4155185F9AD0}.Release|x86.Build.0 = Release|Any CPU
		{481EE3BC-1D81-454E-B023-24552081A579}.Debug|Any CPU.ActiveCfg = Debug|Any CPU
		{481EE3BC-1D81-454E-B023-24552081A579}.Debug|Any CPU.Build.0 = Debug|Any CPU
		{481EE3BC-1D81-454E-B023-24552081A579}.Debug|x64.ActiveCfg = Debug|Any CPU
		{481EE3BC-1D81-454E-B023-24552081A579}.Debug|x64.Build.0 = Debug|Any CPU
		{481EE3BC-1D81-454E-B023-24552081A579}.Debug|x86.ActiveCfg = Debug|Any CPU
		{481EE3BC-1D81-454E-B023-24552081A579}.Debug|x86.Build.0 = Debug|Any CPU
		{481EE3BC-1D81-454E-B023-24552081A579}.Release|Any CPU.ActiveCfg = Release|Any CPU
		{481EE3BC-1D81-454E-B023-24552081A579}.Release|Any CPU.Build.0 = Release|Any CPU
		{481EE3BC-1D81-454E-B023-24552081A579}.Release|x64.ActiveCfg = Release|Any CPU
		{481EE3BC-1D81-454E-B023-24552081A579}.Release|x64.Build.0 = Release|Any CPU
		{481EE3BC-1D81-454E-B023-24552081A579}.Release|x86.ActiveCfg = Release|Any CPU
		{481EE3BC-1D81-454E-B023-24552081A579}.Release|x86.Build.0 = Release|Any CPU
		{C5915C1C-8DEF-4190-8B0F-3862B64D032A}.Debug|Any CPU.ActiveCfg = Debug|Any CPU
		{C5915C1C-8DEF-4190-8B0F-3862B64D032A}.Debug|Any CPU.Build.0 = Debug|Any CPU
		{C5915C1C-8DEF-4190-8B0F-3862B64D032A}.Debug|x64.ActiveCfg = Debug|Any CPU
		{C5915C1C-8DEF-4190-8B0F-3862B64D032A}.Debug|x64.Build.0 = Debug|Any CPU
		{C5915C1C-8DEF-4190-8B0F-3862B64D032A}.Debug|x86.ActiveCfg = Debug|Any CPU
		{C5915C1C-8DEF-4190-8B0F-3862B64D032A}.Debug|x86.Build.0 = Debug|Any CPU
		{C5915C1C-8DEF-4190-8B0F-3862B64D032A}.Release|Any CPU.ActiveCfg = Release|Any CPU
		{C5915C1C-8DEF-4190-8B0F-3862B64D032A}.Release|Any CPU.Build.0 = Release|Any CPU
		{C5915C1C-8DEF-4190-8B0F-3862B64D032A}.Release|x64.ActiveCfg = Release|Any CPU
		{C5915C1C-8DEF-4190-8B0F-3862B64D032A}.Release|x64.Build.0 = Release|Any CPU
		{C5915C1C-8DEF-4190-8B0F-3862B64D032A}.Release|x86.ActiveCfg = Release|Any CPU
		{C5915C1C-8DEF-4190-8B0F-3862B64D032A}.Release|x86.Build.0 = Release|Any CPU
		{C55C0D9C-EE20-4269-ABD3-C382AD2288C6}.Debug|Any CPU.ActiveCfg = Debug|Any CPU
		{C55C0D9C-EE20-4269-ABD3-C382AD2288C6}.Debug|Any CPU.Build.0 = Debug|Any CPU
		{C55C0D9C-EE20-4269-ABD3-C382AD2288C6}.Debug|x64.ActiveCfg = Debug|Any CPU
		{C55C0D9C-EE20-4269-ABD3-C382AD2288C6}.Debug|x64.Build.0 = Debug|Any CPU
		{C55C0D9C-EE20-4269-ABD3-C382AD2288C6}.Debug|x86.ActiveCfg = Debug|Any CPU
		{C55C0D9C-EE20-4269-ABD3-C382AD2288C6}.Debug|x86.Build.0 = Debug|Any CPU
		{C55C0D9C-EE20-4269-ABD3-C382AD2288C6}.Release|Any CPU.ActiveCfg = Release|Any CPU
		{C55C0D9C-EE20-4269-ABD3-C382AD2288C6}.Release|Any CPU.Build.0 = Release|Any CPU
		{C55C0D9C-EE20-4269-ABD3-C382AD2288C6}.Release|x64.ActiveCfg = Release|Any CPU
		{C55C0D9C-EE20-4269-ABD3-C382AD2288C6}.Release|x64.Build.0 = Release|Any CPU
		{C55C0D9C-EE20-4269-ABD3-C382AD2288C6}.Release|x86.ActiveCfg = Release|Any CPU
		{C55C0D9C-EE20-4269-ABD3-C382AD2288C6}.Release|x86.Build.0 = Release|Any CPU
		{36DD4398-E78B-45EC-9DE5-894D0115C380}.Debug|Any CPU.ActiveCfg = Debug|Any CPU
		{36DD4398-E78B-45EC-9DE5-894D0115C380}.Debug|Any CPU.Build.0 = Debug|Any CPU
		{36DD4398-E78B-45EC-9DE5-894D0115C380}.Debug|x64.ActiveCfg = Debug|Any CPU
		{36DD4398-E78B-45EC-9DE5-894D0115C380}.Debug|x64.Build.0 = Debug|Any CPU
		{36DD4398-E78B-45EC-9DE5-894D0115C380}.Debug|x86.ActiveCfg = Debug|Any CPU
		{36DD4398-E78B-45EC-9DE5-894D0115C380}.Debug|x86.Build.0 = Debug|Any CPU
		{36DD4398-E78B-45EC-9DE5-894D0115C380}.Release|Any CPU.ActiveCfg = Release|Any CPU
		{36DD4398-E78B-45EC-9DE5-894D0115C380}.Release|Any CPU.Build.0 = Release|Any CPU
		{36DD4398-E78B-45EC-9DE5-894D0115C380}.Release|x64.ActiveCfg = Release|Any CPU
		{36DD4398-E78B-45EC-9DE5-894D0115C380}.Release|x64.Build.0 = Release|Any CPU
		{36DD4398-E78B-45EC-9DE5-894D0115C380}.Release|x86.ActiveCfg = Release|Any CPU
		{36DD4398-E78B-45EC-9DE5-894D0115C380}.Release|x86.Build.0 = Release|Any CPU
		{99548404-089C-46B8-9E45-1781C530776E}.Debug|Any CPU.ActiveCfg = Debug|Any CPU
		{99548404-089C-46B8-9E45-1781C530776E}.Debug|Any CPU.Build.0 = Debug|Any CPU
		{99548404-089C-46B8-9E45-1781C530776E}.Debug|x64.ActiveCfg = Debug|Any CPU
		{99548404-089C-46B8-9E45-1781C530776E}.Debug|x64.Build.0 = Debug|Any CPU
		{99548404-089C-46B8-9E45-1781C530776E}.Debug|x86.ActiveCfg = Debug|Any CPU
		{99548404-089C-46B8-9E45-1781C530776E}.Debug|x86.Build.0 = Debug|Any CPU
		{99548404-089C-46B8-9E45-1781C530776E}.Release|Any CPU.ActiveCfg = Release|Any CPU
		{99548404-089C-46B8-9E45-1781C530776E}.Release|Any CPU.Build.0 = Release|Any CPU
		{99548404-089C-46B8-9E45-1781C530776E}.Release|x64.ActiveCfg = Release|Any CPU
		{99548404-089C-46B8-9E45-1781C530776E}.Release|x64.Build.0 = Release|Any CPU
		{99548404-089C-46B8-9E45-1781C530776E}.Release|x86.ActiveCfg = Release|Any CPU
		{99548404-089C-46B8-9E45-1781C530776E}.Release|x86.Build.0 = Release|Any CPU
		{01FBDF93-E769-4343-9DC4-B00AD126E2DB}.Debug|Any CPU.ActiveCfg = Debug|Any CPU
		{01FBDF93-E769-4343-9DC4-B00AD126E2DB}.Debug|Any CPU.Build.0 = Debug|Any CPU
		{01FBDF93-E769-4343-9DC4-B00AD126E2DB}.Debug|x64.ActiveCfg = Debug|Any CPU
		{01FBDF93-E769-4343-9DC4-B00AD126E2DB}.Debug|x64.Build.0 = Debug|Any CPU
		{01FBDF93-E769-4343-9DC4-B00AD126E2DB}.Debug|x86.ActiveCfg = Debug|Any CPU
		{01FBDF93-E769-4343-9DC4-B00AD126E2DB}.Debug|x86.Build.0 = Debug|Any CPU
		{01FBDF93-E769-4343-9DC4-B00AD126E2DB}.Release|Any CPU.ActiveCfg = Release|Any CPU
		{01FBDF93-E769-4343-9DC4-B00AD126E2DB}.Release|Any CPU.Build.0 = Release|Any CPU
		{01FBDF93-E769-4343-9DC4-B00AD126E2DB}.Release|x64.ActiveCfg = Release|Any CPU
		{01FBDF93-E769-4343-9DC4-B00AD126E2DB}.Release|x64.Build.0 = Release|Any CPU
		{01FBDF93-E769-4343-9DC4-B00AD126E2DB}.Release|x86.ActiveCfg = Release|Any CPU
		{01FBDF93-E769-4343-9DC4-B00AD126E2DB}.Release|x86.Build.0 = Release|Any CPU
		{D8690286-18E2-454B-9C17-3DB219F8EC83}.Debug|Any CPU.ActiveCfg = Debug|Any CPU
		{D8690286-18E2-454B-9C17-3DB219F8EC83}.Debug|Any CPU.Build.0 = Debug|Any CPU
		{D8690286-18E2-454B-9C17-3DB219F8EC83}.Debug|x64.ActiveCfg = Debug|Any CPU
		{D8690286-18E2-454B-9C17-3DB219F8EC83}.Debug|x64.Build.0 = Debug|Any CPU
		{D8690286-18E2-454B-9C17-3DB219F8EC83}.Debug|x86.ActiveCfg = Debug|Any CPU
		{D8690286-18E2-454B-9C17-3DB219F8EC83}.Debug|x86.Build.0 = Debug|Any CPU
		{D8690286-18E2-454B-9C17-3DB219F8EC83}.Release|Any CPU.ActiveCfg = Release|Any CPU
		{D8690286-18E2-454B-9C17-3DB219F8EC83}.Release|Any CPU.Build.0 = Release|Any CPU
		{D8690286-18E2-454B-9C17-3DB219F8EC83}.Release|x64.ActiveCfg = Release|Any CPU
		{D8690286-18E2-454B-9C17-3DB219F8EC83}.Release|x64.Build.0 = Release|Any CPU
		{D8690286-18E2-454B-9C17-3DB219F8EC83}.Release|x86.ActiveCfg = Release|Any CPU
		{D8690286-18E2-454B-9C17-3DB219F8EC83}.Release|x86.Build.0 = Release|Any CPU
		{EBF726D4-79F4-442D-82CD-EFFE2AD388FD}.Debug|Any CPU.ActiveCfg = Debug|Any CPU
		{EBF726D4-79F4-442D-82CD-EFFE2AD388FD}.Debug|Any CPU.Build.0 = Debug|Any CPU
		{EBF726D4-79F4-442D-82CD-EFFE2AD388FD}.Debug|x64.ActiveCfg = Debug|Any CPU
		{EBF726D4-79F4-442D-82CD-EFFE2AD388FD}.Debug|x64.Build.0 = Debug|Any CPU
		{EBF726D4-79F4-442D-82CD-EFFE2AD388FD}.Debug|x86.ActiveCfg = Debug|Any CPU
		{EBF726D4-79F4-442D-82CD-EFFE2AD388FD}.Debug|x86.Build.0 = Debug|Any CPU
		{EBF726D4-79F4-442D-82CD-EFFE2AD388FD}.Release|Any CPU.ActiveCfg = Release|Any CPU
		{EBF726D4-79F4-442D-82CD-EFFE2AD388FD}.Release|Any CPU.Build.0 = Release|Any CPU
		{EBF726D4-79F4-442D-82CD-EFFE2AD388FD}.Release|x64.ActiveCfg = Release|Any CPU
		{EBF726D4-79F4-442D-82CD-EFFE2AD388FD}.Release|x64.Build.0 = Release|Any CPU
		{EBF726D4-79F4-442D-82CD-EFFE2AD388FD}.Release|x86.ActiveCfg = Release|Any CPU
		{EBF726D4-79F4-442D-82CD-EFFE2AD388FD}.Release|x86.Build.0 = Release|Any CPU
		{4E9B232F-5669-4E5D-954D-E019A8D53459}.Debug|Any CPU.ActiveCfg = Debug|Any CPU
		{4E9B232F-5669-4E5D-954D-E019A8D53459}.Debug|Any CPU.Build.0 = Debug|Any CPU
		{4E9B232F-5669-4E5D-954D-E019A8D53459}.Debug|x64.ActiveCfg = Debug|Any CPU
		{4E9B232F-5669-4E5D-954D-E019A8D53459}.Debug|x64.Build.0 = Debug|Any CPU
		{4E9B232F-5669-4E5D-954D-E019A8D53459}.Debug|x86.ActiveCfg = Debug|Any CPU
		{4E9B232F-5669-4E5D-954D-E019A8D53459}.Debug|x86.Build.0 = Debug|Any CPU
		{4E9B232F-5669-4E5D-954D-E019A8D53459}.Release|Any CPU.ActiveCfg = Release|Any CPU
		{4E9B232F-5669-4E5D-954D-E019A8D53459}.Release|Any CPU.Build.0 = Release|Any CPU
		{4E9B232F-5669-4E5D-954D-E019A8D53459}.Release|x64.ActiveCfg = Release|Any CPU
		{4E9B232F-5669-4E5D-954D-E019A8D53459}.Release|x64.Build.0 = Release|Any CPU
		{4E9B232F-5669-4E5D-954D-E019A8D53459}.Release|x86.ActiveCfg = Release|Any CPU
		{4E9B232F-5669-4E5D-954D-E019A8D53459}.Release|x86.Build.0 = Release|Any CPU
	EndGlobalSection
	GlobalSection(SolutionProperties) = preSolution
		HideSolutionNode = FALSE
	EndGlobalSection
	GlobalSection(NestedProjects) = preSolution
		{C8E42992-5E42-0C2B-DBFE-AA848D06431C} = {827E0CD3-B72D-47B6-A68D-7590B98EB39B}
		{E56B1220-0EB4-4952-9EBE-4155185F9AD0} = {C8E42992-5E42-0C2B-DBFE-AA848D06431C}
		{FCA01246-F2C6-0AA7-D43F-FD13BE0B9D88} = {827E0CD3-B72D-47B6-A68D-7590B98EB39B}
		{481EE3BC-1D81-454E-B023-24552081A579} = {FCA01246-F2C6-0AA7-D43F-FD13BE0B9D88}
		{984BB9B3-3FA3-BE33-9484-CAC21695A33C} = {827E0CD3-B72D-47B6-A68D-7590B98EB39B}
		{B0ED8887-1092-5A1A-EC04-2B6B0F6E9C33} = {984BB9B3-3FA3-BE33-9484-CAC21695A33C}
		{C5915C1C-8DEF-4190-8B0F-3862B64D032A} = {B0ED8887-1092-5A1A-EC04-2B6B0F6E9C33}
		{A52FF9A7-1006-A729-7F26-021652E10080} = {984BB9B3-3FA3-BE33-9484-CAC21695A33C}
		{C55C0D9C-EE20-4269-ABD3-C382AD2288C6} = {A52FF9A7-1006-A729-7F26-021652E10080}
		{70DEDDC2-B641-678B-EFE4-C439C85D9140} = {984BB9B3-3FA3-BE33-9484-CAC21695A33C}
		{36DD4398-E78B-45EC-9DE5-894D0115C380} = {70DEDDC2-B641-678B-EFE4-C439C85D9140}
		{3FDCD2C8-0A0B-A5B7-113A-13BE663C5259} = {984BB9B3-3FA3-BE33-9484-CAC21695A33C}
		{99548404-089C-46B8-9E45-1781C530776E} = {3FDCD2C8-0A0B-A5B7-113A-13BE663C5259}
		{6D30904E-1E32-0F4F-4CA2-E2D326A4F886} = {984BB9B3-3FA3-BE33-9484-CAC21695A33C}
		{01FBDF93-E769-4343-9DC4-B00AD126E2DB} = {6D30904E-1E32-0F4F-4CA2-E2D326A4F886}
		{8437DFD9-ED28-9D5C-8F3A-C9C3C6B68886} = {984BB9B3-3FA3-BE33-9484-CAC21695A33C}
		{D8690286-18E2-454B-9C17-3DB219F8EC83} = {8437DFD9-ED28-9D5C-8F3A-C9C3C6B68886}
		{47931FAB-DBE1-FD8F-0AFF-2CD4B99C52C4} = {984BB9B3-3FA3-BE33-9484-CAC21695A33C}
		{EBF726D4-79F4-442D-82CD-EFFE2AD388FD} = {47931FAB-DBE1-FD8F-0AFF-2CD4B99C52C4}
		{C51F0B15-995C-4465-7F53-F814DA1B49A9} = {984BB9B3-3FA3-BE33-9484-CAC21695A33C}
		{4E9B232F-5669-4E5D-954D-E019A8D53459} = {C51F0B15-995C-4465-7F53-F814DA1B49A9}
	EndGlobalSection
EndGlobal
